
Microsoft Visual Studio Solution File, Format Version 12.00
# Visual Studio 15
VisualStudioVersion = 15.0.27703.2035
MinimumVisualStudioVersion = 10.0.40219.1
Project("{FAE04EC0-301F-11D3-BF4B-00C04F79EFBC}") = "Bitshift", "Bitshift.csproj", "{AF444CBE-A8BF-4134-B9A9-0CC93B3EEF71}"
EndProject
Project("{2150E333-8FDC-42A3-9474-1A3956D46DE8}") = "Solution Items", "Solution Items", "{48D2AED5-3325-4E82-8DC9-5C24C6104E6A}"
	ProjectSection(SolutionItems) = preProject
		Immediate Window.txt = Immediate Window.txt
	EndProjectSection
EndProject
Global
	GlobalSection(SolutionConfigurationPlatforms) = preSolution
		Debug|Any CPU = Debug|Any CPU
		Release|Any CPU = Release|Any CPU
	EndGlobalSection
	GlobalSection(ProjectConfigurationPlatforms) = postSolution
		{AF444CBE-A8BF-4134-B9A9-0CC93B3EEF71}.Debug|Any CPU.ActiveCfg = Debug|Any CPU
		{AF444CBE-A8BF-4134-B9A9-0CC93B3EEF71}.Debug|Any CPU.Build.0 = Debug|Any CPU
		{AF444CBE-A8BF-4134-B9A9-0CC93B3EEF71}.Release|Any CPU.ActiveCfg = Release|Any CPU
		{AF444CBE-A8BF-4134-B9A9-0CC93B3EEF71}.Release|Any CPU.Build.0 = Release|Any CPU
	EndGlobalSection
	GlobalSection(SolutionProperties) = preSolution
		HideSolutionNode = FALSE
	EndGlobalSection
	GlobalSection(ExtensibilityGlobals) = postSolution
		SolutionGuid = {4850ED70-2F32-4D61-A416-77801E2B8B43}
	EndGlobalSection
EndGlobal
